
Microsoft Visual Studio Solution File, Format Version 12.00
# Visual Studio Version 16
VisualStudioVersion = 16.0.32106.194
MinimumVisualStudioVersion = 10.0.40219.1
Project("{FAE04EC0-301F-11D3-BF4B-00C04F79EFBC}") = "EnergyLibrary", "EnergyLibrary\EnergyLibrary.csproj", "{4A01E1BB-E996-47C0-9672-90CF02D81F11}"
EndProject
Project("{FAE04EC0-301F-11D3-BF4B-00C04F79EFBC}") = "EnergyLibraryTest", "EnergyLibraryTest\EnergyLibraryTest.csproj", "{8F47C7AB-33B8-41E3-8803-0070461AABB9}"
EndProject
Project("{FAE04EC0-301F-11D3-BF4B-00C04F79EFBC}") = "EnergyLibraryBenchmark", "EnergyLibraryBenchmark\EnergyLibraryBenchmark.csproj", "{2EED8E99-4D84-467E-94D4-3A146EF98DA8}"
EndProject
Global
	GlobalSection(SolutionConfigurationPlatforms) = preSolution
		Debug|Any CPU = Debug|Any CPU
		Release|Any CPU = Release|Any CPU
	EndGlobalSection
	GlobalSection(ProjectConfigurationPlatforms) = postSolution
		{4A01E1BB-E996-47C0-9672-90CF02D81F11}.Debug|Any CPU.ActiveCfg = Debug|Any CPU
		{4A01E1BB-E996-47C0-9672-90CF02D81F11}.Debug|Any CPU.Build.0 = Debug|Any CPU
		{4A01E1BB-E996-47C0-9672-90CF02D81F11}.Release|Any CPU.ActiveCfg = Release|Any CPU
		{4A01E1BB-E996-47C0-9672-90CF02D81F11}.Release|Any CPU.Build.0 = Release|Any CPU
		{8F47C7AB-33B8-41E3-8803-0070461AABB9}.Debug|Any CPU.ActiveCfg = Debug|Any CPU
		{8F47C7AB-33B8-41E3-8803-0070461AABB9}.Debug|Any CPU.Build.0 = Debug|Any CPU
		{8F47C7AB-33B8-41E3-8803-0070461AABB9}.Release|Any CPU.ActiveCfg = Release|Any CPU
		{8F47C7AB-33B8-41E3-8803-0070461AABB9}.Release|Any CPU.Build.0 = Release|Any CPU
		{2EED8E99-4D84-467E-94D4-3A146EF98DA8}.Debug|Any CPU.ActiveCfg = Debug|Any CPU
		{2EED8E99-4D84-467E-94D4-3A146EF98DA8}.Debug|Any CPU.Build.0 = Debug|Any CPU
		{2EED8E99-4D84-467E-94D4-3A146EF98DA8}.Release|Any CPU.ActiveCfg = Release|Any CPU
		{2EED8E99-4D84-467E-94D4-3A146EF98DA8}.Release|Any CPU.Build.0 = Release|Any CPU
	EndGlobalSection
	GlobalSection(SolutionProperties) = preSolution
		HideSolutionNode = FALSE
	EndGlobalSection
	GlobalSection(ExtensibilityGlobals) = postSolution
		SolutionGuid = {819632CB-41D3-4F98-A321-A7A51E339879}
	EndGlobalSection
EndGlobal
